
Microsoft Visual Studio Solution File, Format Version 12.00
# Visual Studio Version 17
VisualStudioVersion = 17.8.34525.116
MinimumVisualStudioVersion = 10.0.40219.1
Project("{FAE04EC0-301F-11D3-BF4B-00C04F79EFBC}") = "StringHashCode", "StringHashCode\StringHashCode.csproj", "{014B53A5-019C-4908-8BB9-B9303941720B}"
EndProject
Project("{FAE04EC0-301F-11D3-BF4B-00C04F79EFBC}") = "CustomStringHashCode", "CustomStringHashCode\CustomStringHashCode.csproj", "{B1106E31-E091-4086-8493-9B9D5247C039}"
EndProject
Global
	GlobalSection(SolutionConfigurationPlatforms) = preSolution
		Debug|Any CPU = Debug|Any CPU
		Release|Any CPU = Release|Any CPU
	EndGlobalSection
	GlobalSection(ProjectConfigurationPlatforms) = postSolution
		{014B53A5-019C-4908-8BB9-B9303941720B}.Debug|Any CPU.ActiveCfg = Debug|Any CPU
		{014B53A5-019C-4908-8BB9-B9303941720B}.Debug|Any CPU.Build.0 = Debug|Any CPU
		{014B53A5-019C-4908-8BB9-B9303941720B}.Release|Any CPU.ActiveCfg = Release|Any CPU
		{014B53A5-019C-4908-8BB9-B9303941720B}.Release|Any CPU.Build.0 = Release|Any CPU
		{B1106E31-E091-4086-8493-9B9D5247C039}.Debug|Any CPU.ActiveCfg = Debug|Any CPU
		{B1106E31-E091-4086-8493-9B9D5247C039}.Debug|Any CPU.Build.0 = Debug|Any CPU
		{B1106E31-E091-4086-8493-9B9D5247C039}.Release|Any CPU.ActiveCfg = Release|Any CPU
		{B1106E31-E091-4086-8493-9B9D5247C039}.Release|Any CPU.Build.0 = Release|Any CPU
	EndGlobalSection
	GlobalSection(SolutionProperties) = preSolution
		HideSolutionNode = FALSE
	EndGlobalSection
	GlobalSection(ExtensibilityGlobals) = postSolution
		SolutionGuid = {E29234F7-1F6F-4016-A7CA-9718E7844A66}
	EndGlobalSection
EndGlobal
